
Microsoft Visual Studio Solution File, Format Version 11.00
# Visual Studio 2010
Project("{FAE04EC0-301F-11D3-BF4B-00C04F79EFBC}") = "cybercafemgmnt", "cybercafemgmnt\cybercafemgmnt.csproj", "{EA33D6F8-1AE4-428D-9432-21A1FDC9986D}"
EndProject
Global
	GlobalSection(SolutionConfigurationPlatforms) = preSolution
		Debug|x86 = Debug|x86
		Release|x86 = Release|x86
	EndGlobalSection
	GlobalSection(ProjectConfigurationPlatforms) = postSolution
		{EA33D6F8-1AE4-428D-9432-21A1FDC9986D}.Debug|x86.ActiveCfg = Debug|x86
		{EA33D6F8-1AE4-428D-9432-21A1FDC9986D}.Debug|x86.Build.0 = Debug|x86
		{EA33D6F8-1AE4-428D-9432-21A1FDC9986D}.Release|x86.ActiveCfg = Release|x86
		{EA33D6F8-1AE4-428D-9432-21A1FDC9986D}.Release|x86.Build.0 = Release|x86
	EndGlobalSection
	GlobalSection(SolutionProperties) = preSolution
		HideSolutionNode = FALSE
	EndGlobalSection
EndGlobal
